#
# This file is autogenerated by pip-compile with Python 3.11
# by the following command:
#
#    pip-compile --allow-unsafe --generate-hashes --output-file='backend\requirements\bootstrap.lock' --pip-args='--timeout 120 --retries 5 --no-cache-dir' --strip-extras 'backend\requirements\bootstrap.in'
#

# The following packages are considered to be unsafe in a requirements file:
pip==26.2 \
    --hash=sha256:2d8542afcc84cdd8e846c2b36b2861fad1da376dd98f8e7113e9108a3c331690 \
    --hash=sha256:931c303696af6fa3417112103b1cad26890e5a07eccb5b99783700e33f2b8aad
    # via -r backend/requirements/bootstrap.in
setuptools==83.0.0 \
    --hash=sha256:025bccbbf0fa05b6192bc64ae1e7b16e001fd6d6d4d5de03c97b1c1ade523bef \
    --hash=sha256:29b23c360f22f414dc7336bb39178cc7bcbf6021ed2733cde173f09dba19abb3
    # via -r backend/requirements/bootstrap.in
